// !$*UTF8*$!
{
	archiveVersion = 1;
	classes = {
	};
	objectVersion = 46;
	objects = {

/* Begin PBXBuildFile section */
		BFFEEDF41D111F4200BB24D1 /* AppDelegate.swift in Sources */ = {isa = PBXBuildFile; fileRef = BFFEEDF31D111F4200BB24D1 /* AppDelegate.swift */; };
		BFFEEDF61D111F4200BB24D1 /* ViewController.swift in Sources */ = {isa = PBXBuildFile; fileRef = BFFEEDF51D111F4200BB24D1 /* ViewController.swift */; };
		BFFEEDF91D111F4200BB24D1 /* Main.storyboard in Resources */ = {isa = PBXBuildFile; fileRef = BFFEEDF71D111F4200BB24D1 /* Main.storyboard */; };
		BFFEEDFB1D111F4200BB24D1 /* Assets.xcassets in Resources */ = {isa = PBXBuildFile; fileRef = BFFEEDFA1D111F4200BB24D1 /* Assets.xcassets */; };
		BFFEEDFE1D111F4200BB24D1 /* LaunchScreen.storyboard in Resources */ = {isa = PBXBuildFile; fileRef = BFFEEDFC1D111F4200BB24D1 /* LaunchScreen.storyboard */; };
		BFFEEE171D11215D00BB24D1 /* AEAudioController.m in Sources */ = {isa = PBXBuildFile; fileRef = BFFEEE161D11215D00BB24D1 /* AEAudioController.m */; };
		BFFEEE1A1D1122B000BB24D1 /* libTheAmazingAudioEngine.a in Frameworks */ = {isa = PBXBuildFile; fileRef = BFFEEE0D1D1120B300BB24D1 /* libTheAmazingAudioEngine.a */; };
/* End PBXBuildFile section */

/* Begin PBXContainerItemProxy section */
		BFFEEE0C1D1120B300BB24D1 /* PBXContainerItemProxy */ = {
			isa = PBXContainerItemProxy;
			containerPortal = BFFEEE051D1120B300BB24D1 /* TheAmazingAudioEngine.xcodeproj */;
			proxyType = 2;
			remoteGlobalIDString = 4CDCAC981CA25A29008AAEF1;
			remoteInfo = TheAmazingAudioEngine;
		};
		BFFEEE0E1D1120B300BB24D1 /* PBXContainerItemProxy */ = {
			isa = PBXContainerItemProxy;
			containerPortal = BFFEEE051D1120B300BB24D1 /* TheAmazingAudioEngine.xcodeproj */;
			proxyType = 2;
			remoteGlobalIDString = 4C9F0F741CB265F90032903E;
			remoteInfo = "TheAmazingAudioEngine OS X";
		};
		BFFEEE101D1120B300BB24D1 /* PBXContainerItemProxy */ = {
			isa = PBXContainerItemProxy;
			containerPortal = BFFEEE051D1120B300BB24D1 /* TheAmazingAudioEngine.xcodeproj */;
			proxyType = 2;
			remoteGlobalIDString = 4C9F0FBC1CB269C30032903E;
			remoteInfo = "TheAmazingAudioEngine tvOS";
		};
		BFFEEE121D1120B300BB24D1 /* PBXContainerItemProxy */ = {
			isa = PBXContainerItemProxy;
			containerPortal = BFFEEE051D1120B300BB24D1 /* TheAmazingAudioEngine.xcodeproj */;
			proxyType = 2;
			remoteGlobalIDString = 4CDCACA81CA25A6E008AAEF1;
			remoteInfo = Tests;
		};
/* End PBXContainerItemProxy section */

/* Begin PBXFileReference section */
		BFFEEDF01D111F4200BB24D1 /* AudioEnginePlaypen.app */ = {isa = PBXFileReference; explicitFileType = wrapper.application; includeInIndex = 0; path = AudioEnginePlaypen.app; sourceTree = BUILT_PRODUCTS_DIR; };
		BFFEEDF31D111F4200BB24D1 /* AppDelegate.swift */ = {isa = PBXFileReference; lastKnownFileType = sourcecode.swift; path = AppDelegate.swift; sourceTree = "<group>"; };
		BFFEEDF51D111F4200BB24D1 /* ViewController.swift */ = {isa = PBXFileReference; lastKnownFileType = sourcecode.swift; path = ViewController.swift; sourceTree = "<group>"; };
		BFFEEDF81D111F4200BB24D1 /* Base */ = {isa = PBXFileReference; lastKnownFileType = file.storyboard; name = Base; path = Base.lproj/Main.storyboard; sourceTree = "<group>"; };
		BFFEEDFA1D111F4200BB24D1 /* Assets.xcassets */ = {isa = PBXFileReference; lastKnownFileType = folder.assetcatalog; path = Assets.xcassets; sourceTree = "<group>"; };
		BFFEEDFD1D111F4200BB24D1 /* Base */ = {isa = PBXFileReference; lastKnownFileType = file.storyboard; name = Base; path = Base.lproj/LaunchScreen.storyboard; sourceTree = "<group>"; };
		BFFEEDFF1D111F4200BB24D1 /* Info.plist */ = {isa = PBXFileReference; lastKnownFileType = text.plist.xml; path = Info.plist; sourceTree = "<group>"; };
		BFFEEE051D1120B300BB24D1 /* TheAmazingAudioEngine.xcodeproj */ = {isa = PBXFileReference; lastKnownFileType = "wrapper.pb-project"; path = TheAmazingAudioEngine.xcodeproj; sourceTree = "<group>"; };
		BFFEEE141D11215C00BB24D1 /* AudioEnginePlaypen-Bridging-Header.h */ = {isa = PBXFileReference; lastKnownFileType = sourcecode.c.h; path = "AudioEnginePlaypen-Bridging-Header.h"; sourceTree = "<group>"; };
		BFFEEE151D11215D00BB24D1 /* AEAudioController.h */ = {isa = PBXFileReference; fileEncoding = 4; lastKnownFileType = sourcecode.c.h; path = AEAudioController.h; sourceTree = "<group>"; };
		BFFEEE161D11215D00BB24D1 /* AEAudioController.m */ = {isa = PBXFileReference; fileEncoding = 4; lastKnownFileType = sourcecode.c.objc; path = AEAudioController.m; sourceTree = "<group>"; };
/* End PBXFileReference section */

/* Begin PBXFrameworksBuildPhase section */
		BFFEEDED1D111F4200BB24D1 /* Frameworks */ = {
			isa = PBXFrameworksBuildPhase;
			buildActionMask = 2147483647;
			files = (
				BFFEEE1A1D1122B000BB24D1 /* libTheAmazingAudioEngine.a in Frameworks */,
			);
			runOnlyForDeploymentPostprocessing = 0;
		};
/* End PBXFrameworksBuildPhase section */

/* Begin PBXGroup section */
		BFFEEDE71D111F4200BB24D1 = {
			isa = PBXGroup;
			children = (
				BFFEEE191D11218D00BB24D1 /* Classes */,
				BFFEEE181D11218200BB24D1 /* Support */,
				BFFEEDF21D111F4200BB24D1 /* AudioEnginePlaypen */,
				BFFEEDF11D111F4200BB24D1 /* Products */,
				BFFEEE051D1120B300BB24D1 /* TheAmazingAudioEngine.xcodeproj */,
			);
			sourceTree = "<group>";
		};
		BFFEEDF11D111F4200BB24D1 /* Products */ = {
			isa = PBXGroup;
			children = (
				BFFEEDF01D111F4200BB24D1 /* AudioEnginePlaypen.app */,
			);
			name = Products;
			sourceTree = "<group>";
		};
		BFFEEDF21D111F4200BB24D1 /* AudioEnginePlaypen */ = {
			isa = PBXGroup;
			children = (
				BFFEEDF31D111F4200BB24D1 /* AppDelegate.swift */,
				BFFEEDF51D111F4200BB24D1 /* ViewController.swift */,
				BFFEEDF71D111F4200BB24D1 /* Main.storyboard */,
				BFFEEDFA1D111F4200BB24D1 /* Assets.xcassets */,
				BFFEEDFC1D111F4200BB24D1 /* LaunchScreen.storyboard */,
				BFFEEDFF1D111F4200BB24D1 /* Info.plist */,
			);
			path = AudioEnginePlaypen;
			sourceTree = "<group>";
		};
		BFFEEE061D1120B300BB24D1 /* Products */ = {
			isa = PBXGroup;
			children = (
				BFFEEE0D1D1120B300BB24D1 /* libTheAmazingAudioEngine.a */,
				BFFEEE0F1D1120B300BB24D1 /* libTheAmazingAudioEngine OS X.a */,
				BFFEEE111D1120B300BB24D1 /* libTheAmazingAudioEngine tvOS.a */,
				BFFEEE131D1120B300BB24D1 /* Tests.xctest */,
			);
			name = Products;
			sourceTree = "<group>";
		};
		BFFEEE181D11218200BB24D1 /* Support */ = {
			isa = PBXGroup;
			children = (
				BFFEEE141D11215C00BB24D1 /* AudioEnginePlaypen-Bridging-Header.h */,
			);
			name = Support;
			sourceTree = "<group>";
		};
		BFFEEE191D11218D00BB24D1 /* Classes */ = {
			isa = PBXGroup;
			children = (
				BFFEEE151D11215D00BB24D1 /* AEAudioController.h */,
				BFFEEE161D11215D00BB24D1 /* AEAudioController.m */,
			);
			name = Classes;
			sourceTree = "<group>";
		};
/* End PBXGroup section */

/* Begin PBXNativeTarget section */
		BFFEEDEF1D111F4200BB24D1 /* AudioEnginePlaypen */ = {
			isa = PBXNativeTarget;
			buildConfigurationList = BFFEEE021D111F4200BB24D1 /* Build configuration list for PBXNativeTarget "AudioEnginePlaypen" */;
			buildPhases = (
				BFFEEDEC1D111F4200BB24D1 /* Sources */,
				BFFEEDED1D111F4200BB24D1 /* Frameworks */,
				BFFEEDEE1D111F4200BB24D1 /* Resources */,
			);
			buildRules = (
			);
			dependencies = (
			);
			name = AudioEnginePlaypen;
			productName = AudioEnginePlaypen;
			productReference = BFFEEDF01D111F4200BB24D1 /* AudioEnginePlaypen.app */;
			productType = "com.apple.product-type.application";
		};
/* End PBXNativeTarget section */

/* Begin PBXProject section */
		BFFEEDE81D111F4200BB24D1 /* Project object */ = {
			isa = PBXProject;
			attributes = {
				LastSwiftUpdateCheck = 0730;
				LastUpgradeCheck = 0730;
				ORGANIZATIONNAME = "Connor Reid";
				TargetAttributes = {
					BFFEEDEF1D111F4200BB24D1 = {
						CreatedOnToolsVersion = 7.3.1;
						DevelopmentTeam = HTSF3MHP5C;
					};
				};
			};
			buildConfigurationList = BFFEEDEB1D111F4200BB24D1 /* Build configuration list for PBXProject "AudioEnginePlaypen" */;
			compatibilityVersion = "Xcode 3.2";
			developmentRegion = English;
			hasScannedForEncodings = 0;
			knownRegions = (
				en,
				Base,
			);
			mainGroup = BFFEEDE71D111F4200BB24D1;
			productRefGroup = BFFEEDF11D111F4200BB24D1 /* Products */;
			projectDirPath = "";
			projectReferences = (
				{
					ProductGroup = BFFEEE061D1120B300BB24D1 /* Products */;
					ProjectRef = BFFEEE051D1120B300BB24D1 /* TheAmazingAudioEngine.xcodeproj */;
				},
			);
			projectRoot = "";
			targets = (
				BFFEEDEF1D111F4200BB24D1 /* AudioEnginePlaypen */,
			);
		};
/* End PBXProject section */

/* Begin PBXReferenceProxy section */
		BFFEEE0D1D1120B300BB24D1 /* libTheAmazingAudioEngine.a */ = {
			isa = PBXReferenceProxy;
			fileType = archive.ar;
			path = libTheAmazingAudioEngine.a;
			remoteRef = BFFEEE0C1D1120B300BB24D1 /* PBXContainerItemProxy */;
			sourceTree = BUILT_PRODUCTS_DIR;
		};
		BFFEEE0F1D1120B300BB24D1 /* libTheAmazingAudioEngine OS X.a */ = {
			isa = PBXReferenceProxy;
			fileType = archive.ar;
			path = "libTheAmazingAudioEngine OS X.a";
			remoteRef = BFFEEE0E1D1120B300BB24D1 /* PBXContainerItemProxy */;
			sourceTree = BUILT_PRODUCTS_DIR;
		};
		BFFEEE111D1120B300BB24D1 /* libTheAmazingAudioEngine tvOS.a */ = {
			isa = PBXReferenceProxy;
			fileType = archive.ar;
			path = "libTheAmazingAudioEngine tvOS.a";
			remoteRef = BFFEEE101D1120B300BB24D1 /* PBXContainerItemProxy */;
			sourceTree = BUILT_PRODUCTS_DIR;
		};
		BFFEEE131D1120B300BB24D1 /* Tests.xctest */ = {
			isa = PBXReferenceProxy;
			fileType = wrapper.cfbundle;
			path = Tests.xctest;
			remoteRef = BFFEEE121D1120B300BB24D1 /* PBXContainerItemProxy */;
			sourceTree = BUILT_PRODUCTS_DIR;
		};
/* End PBXReferenceProxy section */

/* Begin PBXResourcesBuildPhase section */
		BFFEEDEE1D111F4200BB24D1 /* Resources */ = {
			isa = PBXResourcesBuildPhase;
			buildActionMask = 2147483647;
			files = (
				BFFEEDFE1D111F4200BB24D1 /* LaunchScreen.storyboard in Resources */,
				BFFEEDFB1D111F4200BB24D1 /* Assets.xcassets in Resources */,
				BFFEEDF91D111F4200BB24D1 /* Main.storyboard in Resources */,
			);
			runOnlyForDeploymentPostprocessing = 0;
		};
/* End PBXResourcesBuildPhase section */

/* Begin PBXSourcesBuildPhase section */
		BFFEEDEC1D111F4200BB24D1 /* Sources */ = {
			isa = PBXSourcesBuildPhase;
			buildActionMask = 2147483647;
			files = (
				BFFEEE171D11215D00BB24D1 /* AEAudioController.m in Sources */,
				BFFEEDF61D111F4200BB24D1 /* ViewController.swift in Sources */,
				BFFEEDF41D111F4200BB24D1 /* AppDelegate.swift in Sources */,
			);
			runOnlyForDeploymentPostprocessing = 0;
		};
/* End PBXSourcesBuildPhase section */

/* Begin PBXVariantGroup section */
		BFFEEDF71D111F4200BB24D1 /* Main.storyboard */ = {
			isa = PBXVariantGroup;
			children = (
				BFFEEDF81D111F4200BB24D1 /* Base */,
			);
			name = Main.storyboard;
			sourceTree = "<group>";
		};
		BFFEEDFC1D111F4200BB24D1 /* LaunchScreen.storyboard */ = {
			isa = PBXVariantGroup;
			children = (
				BFFEEDFD1D111F4200BB24D1 /* Base */,
			);
			name = LaunchScreen.storyboard;
			sourceTree = "<group>";
		};
/* End PBXVariantGroup section */

/* Begin XCBuildConfiguration section */
		BFFEEE001D111F4200BB24D1 /* Debug */ = {
			isa = XCBuildConfiguration;
			buildSettings = {
				ALWAYS_SEARCH_USER_PATHS = NO;
				CLANG_ANALYZER_NONNULL = YES;
				CLANG_CXX_LANGUAGE_STANDARD = "gnu++0x";
				CLANG_CXX_LIBRARY = "libc++";
				CLANG_ENABLE_MODULES = YES;
				CLANG_ENABLE_OBJC_ARC = YES;
				CLANG_WARN_BOOL_CONVERSION = YES;
				CLANG_WARN_CONSTANT_CONVERSION = YES;
				CLANG_WARN_DIRECT_OBJC_ISA_USAGE = YES_ERROR;
				CLANG_WARN_EMPTY_BODY = YES;
				CLANG_WARN_ENUM_CONVERSION = YES;
				CLANG_WARN_INT_CONVERSION = YES;
				CLANG_WARN_OBJC_ROOT_CLASS = YES_ERROR;
				CLANG_WARN_UNREACHABLE_CODE = YES;
				CLANG_WARN__DUPLICATE_METHOD_MATCH = YES;
				"CODE_SIGN_IDENTITY[sdk=iphoneos*]" = "iPhone Developer";
				COPY_PHASE_STRIP = NO;
				DEBUG_INFORMATION_FORMAT = dwarf;
				ENABLE_STRICT_OBJC_MSGSEND = YES;
				ENABLE_TESTABILITY = YES;
				GCC_C_LANGUAGE_STANDARD = gnu99;
				GCC_DYNAMIC_NO_PIC = NO;
				GCC_NO_COMMON_BLOCKS = YES;
				GCC_OPTIMIZATION_LEVEL = 0;
				GCC_PREPROCESSOR_DEFINITIONS = (
					"DEBUG=1",
					"$(inherited)",
				);
				GCC_WARN_64_TO_32_BIT_CONVERSION = YES;
				GCC_WARN_ABOUT_RETURN_TYPE = YES_ERROR;
				GCC_WARN_UNDECLARED_SELECTOR = YES;
				GCC_WARN_UNINITIALIZED_AUTOS = YES_AGGRESSIVE;
				GCC_WARN_UNUSED_FUNCTION = YES;
				GCC_WARN_UNUSED_VARIABLE = YES;
				HEADER_SEARCH_PATHS = "\"$(BUILT_PRODUCTS_DIR)\"";
				IPHONEOS_DEPLOYMENT_TARGET = 9.3;
				MTL_ENABLE_DEBUG_INFO = YES;
				ONLY_ACTIVE_ARCH = YES;
				SDKROOT = iphoneos;
				SWIFT_OPTIMIZATION_LEVEL = "-Onone";
			};
			name = Debug;
		};
		BFFEEE011D111F4200BB24D1 /* Release */ = {
			isa = XCBuildConfiguration;
			buildSettings = {
				ALWAYS_SEARCH_USER_PATHS = NO;
				CLANG_ANALYZER_NONNULL = YES;
				CLANG_CXX_LANGUAGE_STANDARD = "gnu++0x";
				CLANG_CXX_LIBRARY = "libc++";
				CLANG_ENABLE_MODULES = YES;
				CLANG_ENABLE_OBJC_ARC = YES;
				CLANG_WARN_BOOL_CONVERSION = YES;
				CLANG_WARN_CONSTANT_CONVERSION = YES;
				CLANG_WARN_DIRECT_OBJC_ISA_USAGE = YES_ERROR;
				CLANG_WARN_EMPTY_BODY = YES;
				CLANG_WARN_ENUM_CONVERSION = YES;
				CLANG_WARN_INT_CONVERSION = YES;
				CLANG_WARN_OBJC_ROOT_CLASS = YES_ERROR;
				CLANG_WARN_UNREACHABLE_CODE = YES;
				CLANG_WARN__DUPLICATE_METHOD_MATCH = YES;
				"CODE_SIGN_IDENTITY[sdk=iphoneos*]" = "iPhone Developer";
				COPY_PHASE_STRIP = NO;
				DEBUG_INFORMATION_FORMAT = "dwarf-with-dsym";
				ENABLE_NS_ASSERTIONS = NO;
				ENABLE_STRICT_OBJC_MSGSEND = YES;
				GCC_C_LANGUAGE_STANDARD = gnu99;
				GCC_NO_COMMON_BLOCKS = YES;
				GCC_WARN_64_TO_32_BIT_CONVERSION = YES;
				GCC_WARN_ABOUT_RETURN_TYPE = YES_ERROR;
				GCC_WARN_UNDECLARED_SELECTOR = YES;
				GCC_WARN_UNINITIALIZED_AUTOS = YES_AGGRESSIVE;
				GCC_WARN_UNUSED_FUNCTION = YES;
				GCC_WARN_UNUSED_VARIABLE = YES;
				HEADER_SEARCH_PATHS = "\"$(BUILT_PRODUCTS_DIR)\"";
				IPHONEOS_DEPLOYMENT_TARGET = 9.3;
				MTL_ENABLE_DEBUG_INFO = NO;
				SDKROOT = iphoneos;
				VALIDATE_PRODUCT = YES;
			};
			name = Release;
		};
		BFFEEE031D111F4200BB24D1 /* Debug */ = {
			isa = XCBuildConfiguration;
			buildSettings = {
				ASSETCATALOG_COMPILER_APPICON_NAME = AppIcon;
				CLANG_ENABLE_MODULES = YES;
				INFOPLIST_FILE = AudioEnginePlaypen/Info.plist;
				LD_RUNPATH_SEARCH_PATHS = "$(inherited) @executable_path/Frameworks";
				PRODUCT_BUNDLE_IDENTIFIER = com.connorrr.AudioEnginePlaypen;
				PRODUCT_NAME = "$(TARGET_NAME)";
				SWIFT_OBJC_BRIDGING_HEADER = "AudioEnginePlaypen-Bridging-Header.h";
				SWIFT_OPTIMIZATION_LEVEL = "-Onone";
			};
			name = Debug;
		};
		BFFEEE041D111F4200BB24D1 /* Release */ = {
			isa = XCBuildConfiguration;
			buildSettings = {
				ASSETCATALOG_COMPILER_APPICON_NAME = AppIcon;
				CLANG_ENABLE_MODULES = YES;
				INFOPLIST_FILE = AudioEnginePlaypen/Info.plist;
				LD_RUNPATH_SEARCH_PATHS = "$(inherited) @executable_path/Frameworks";
				PRODUCT_BUNDLE_IDENTIFIER = com.connorrr.AudioEnginePlaypen;
				PRODUCT_NAME = "$(TARGET_NAME)";
				SWIFT_OBJC_BRIDGING_HEADER = "AudioEnginePlaypen-Bridging-Header.h";
			};
			name = Release;
		};
/* End XCBuildConfiguration section */

/* Begin XCConfigurationList section */
		BFFEEDEB1D111F4200BB24D1 /* Build configuration list for PBXProject "AudioEnginePlaypen" */ = {
			isa = XCConfigurationList;
			buildConfigurations = (
				BFFEEE001D111F4200BB24D1 /* Debug */,
				BFFEEE011D111F4200BB24D1 /* Release */,
			);
			defaultConfigurationIsVisible = 0;
			defaultConfigurationName = Release;
		};
		BFFEEE021D111F4200BB24D1 /* Build configuration list for PBXNativeTarget "AudioEnginePlaypen" */ = {
			isa = XCConfigurationList;
			buildConfigurations = (
				BFFEEE031D111F4200BB24D1 /* Debug */,
				BFFEEE041D111F4200BB24D1 /* Release */,
			);
			defaultConfigurationIsVisible = 0;
		};
/* End XCConfigurationList section */
	};
	rootObject = BFFEEDE81D111F4200BB24D1 /* Project object */;
}
